// !$*UTF8*$!
{
	archiveVersion = 1;
	classes = {
	};
	objectVersion = 55;
	objects = {

/* Begin PBXBuildFile section */
		F51B5C6A292F6A8A00B51EC3 /* UIViewControllerExtension.swift in Sources */ = {isa = PBXBuildFile; fileRef = F51B5C69292F6A8A00B51EC3 /* UIViewControllerExtension.swift */; };
		F51B5C6C292F781800B51EC3 /* UserModel.swift in Sources */ = {isa = PBXBuildFile; fileRef = F51B5C6B292F781800B51EC3 /* UserModel.swift */; };
		F51B5C6E292FAB0600B51EC3 /* WelcomeViewController.swift in Sources */ = {isa = PBXBuildFile; fileRef = F51B5C6D292FAB0600B51EC3 /* WelcomeViewController.swift */; };
		F51B5C70292FADE900B51EC3 /* UserDefaultsService.swift in Sources */ = {isa = PBXBuildFile; fileRef = F51B5C6F292FADE900B51EC3 /* UserDefaultsService.swift */; };
		F51B5C72292FAECD00B51EC3 /* UserDefaultsExt.swift in Sources */ = {isa = PBXBuildFile; fileRef = F51B5C71292FAECD00B51EC3 /* UserDefaultsExt.swift */; };
		F55DD5822930DBDE0072BC53 /* ProfileViewController.swift in Sources */ = {isa = PBXBuildFile; fileRef = F55DD5812930DBDE0072BC53 /* ProfileViewController.swift */; };
		F56B577029251246005131EF /* SignInViewController.swift in Sources */ = {isa = PBXBuildFile; fileRef = F56B576F29251246005131EF /* SignInViewController.swift */; };
		F56B577229251264005131EF /* CreateAccountViewController.swift in Sources */ = {isa = PBXBuildFile; fileRef = F56B577129251264005131EF /* CreateAccountViewController.swift */; };
		F56B577529251D51005131EF /* VerificationService.swift in Sources */ = {isa = PBXBuildFile; fileRef = F56B577429251D51005131EF /* VerificationService.swift */; };
		F59B47F32924EF7300787FE8 /* AppDelegate.swift in Sources */ = {isa = PBXBuildFile; fileRef = F59B47F22924EF7300787FE8 /* AppDelegate.swift */; };
		F59B47F52924EF7300787FE8 /* SceneDelegate.swift in Sources */ = {isa = PBXBuildFile; fileRef = F59B47F42924EF7300787FE8 /* SceneDelegate.swift */; };
		F59B47FA2924EF7300787FE8 /* Main.storyboard in Resources */ = {isa = PBXBuildFile; fileRef = F59B47F82924EF7300787FE8 /* Main.storyboard */; };
		F59B47FC2924EF7400787FE8 /* Assets.xcassets in Resources */ = {isa = PBXBuildFile; fileRef = F59B47FB2924EF7400787FE8 /* Assets.xcassets */; };
		F59B47FF2924EF7400787FE8 /* LaunchScreen.storyboard in Resources */ = {isa = PBXBuildFile; fileRef = F59B47FD2924EF7400787FE8 /* LaunchScreen.storyboard */; };
		F59B480C2924F1C100787FE8 /* SignInStoryboard.storyboard in Resources */ = {isa = PBXBuildFile; fileRef = F59B480B2924F1C100787FE8 /* SignInStoryboard.storyboard */; };
		F59B480E2924F92E00787FE8 /* SignUpStoryboard.storyboard in Resources */ = {isa = PBXBuildFile; fileRef = F59B480D2924F92E00787FE8 /* SignUpStoryboard.storyboard */; };
		F5D39AC6292B6A88004508D2 /* SecretCodeViewController.swift in Sources */ = {isa = PBXBuildFile; fileRef = F5D39AC5292B6A88004508D2 /* SecretCodeViewController.swift */; };
/* End PBXBuildFile section */

/* Begin PBXFileReference section */
		F51B5C69292F6A8A00B51EC3 /* UIViewControllerExtension.swift */ = {isa = PBXFileReference; lastKnownFileType = sourcecode.swift; path = UIViewControllerExtension.swift; sourceTree = "<group>"; };
		F51B5C6B292F781800B51EC3 /* UserModel.swift */ = {isa = PBXFileReference; lastKnownFileType = sourcecode.swift; path = UserModel.swift; sourceTree = "<group>"; };
		F51B5C6D292FAB0600B51EC3 /* WelcomeViewController.swift */ = {isa = PBXFileReference; lastKnownFileType = sourcecode.swift; path = WelcomeViewController.swift; sourceTree = "<group>"; };
		F51B5C6F292FADE900B51EC3 /* UserDefaultsService.swift */ = {isa = PBXFileReference; lastKnownFileType = sourcecode.swift; path = UserDefaultsService.swift; sourceTree = "<group>"; };
		F51B5C71292FAECD00B51EC3 /* UserDefaultsExt.swift */ = {isa = PBXFileReference; lastKnownFileType = sourcecode.swift; path = UserDefaultsExt.swift; sourceTree = "<group>"; };
		F55DD5812930DBDE0072BC53 /* ProfileViewController.swift */ = {isa = PBXFileReference; lastKnownFileType = sourcecode.swift; path = ProfileViewController.swift; sourceTree = "<group>"; };
		F56B576F29251246005131EF /* SignInViewController.swift */ = {isa = PBXFileReference; lastKnownFileType = sourcecode.swift; path = SignInViewController.swift; sourceTree = "<group>"; };
		F56B577129251264005131EF /* CreateAccountViewController.swift */ = {isa = PBXFileReference; lastKnownFileType = sourcecode.swift; path = CreateAccountViewController.swift; sourceTree = "<group>"; };
		F56B577429251D51005131EF /* VerificationService.swift */ = {isa = PBXFileReference; lastKnownFileType = sourcecode.swift; path = VerificationService.swift; sourceTree = "<group>"; };
		F59B47EF2924EF7300787FE8 /* RegistrationsApp.app */ = {isa = PBXFileReference; explicitFileType = wrapper.application; includeInIndex = 0; path = RegistrationsApp.app; sourceTree = BUILT_PRODUCTS_DIR; };
		F59B47F22924EF7300787FE8 /* AppDelegate.swift */ = {isa = PBXFileReference; lastKnownFileType = sourcecode.swift; path = AppDelegate.swift; sourceTree = "<group>"; };
		F59B47F42924EF7300787FE8 /* SceneDelegate.swift */ = {isa = PBXFileReference; lastKnownFileType = sourcecode.swift; path = SceneDelegate.swift; sourceTree = "<group>"; };
		F59B47F92924EF7300787FE8 /* Base */ = {isa = PBXFileReference; lastKnownFileType = file.storyboard; name = Base; path = Base.lproj/Main.storyboard; sourceTree = "<group>"; };
		F59B47FB2924EF7400787FE8 /* Assets.xcassets */ = {isa = PBXFileReference; lastKnownFileType = folder.assetcatalog; path = Assets.xcassets; sourceTree = "<group>"; };
		F59B47FE2924EF7400787FE8 /* Base */ = {isa = PBXFileReference; lastKnownFileType = file.storyboard; name = Base; path = Base.lproj/LaunchScreen.storyboard; sourceTree = "<group>"; };
		F59B48002924EF7400787FE8 /* Info.plist */ = {isa = PBXFileReference; lastKnownFileType = text.plist.xml; path = Info.plist; sourceTree = "<group>"; };
		F59B480B2924F1C100787FE8 /* SignInStoryboard.storyboard */ = {isa = PBXFileReference; lastKnownFileType = file.storyboard; path = SignInStoryboard.storyboard; sourceTree = "<group>"; };
		F59B480D2924F92E00787FE8 /* SignUpStoryboard.storyboard */ = {isa = PBXFileReference; lastKnownFileType = file.storyboard; path = SignUpStoryboard.storyboard; sourceTree = "<group>"; };
		F5D39AC5292B6A88004508D2 /* SecretCodeViewController.swift */ = {isa = PBXFileReference; lastKnownFileType = sourcecode.swift; path = SecretCodeViewController.swift; sourceTree = "<group>"; };
/* End PBXFileReference section */

/* Begin PBXFrameworksBuildPhase section */
		F59B47EC2924EF7300787FE8 /* Frameworks */ = {
			isa = PBXFrameworksBuildPhase;
			buildActionMask = 2147483647;
			files = (
			);
			runOnlyForDeploymentPostprocessing = 0;
		};
/* End PBXFrameworksBuildPhase section */

/* Begin PBXGroup section */
		F51B5C68292F6A4800B51EC3 /* Extension */ = {
			isa = PBXGroup;
			children = (
				F51B5C69292F6A8A00B51EC3 /* UIViewControllerExtension.swift */,
				F51B5C71292FAECD00B51EC3 /* UserDefaultsExt.swift */,
			);
			path = Extension;
			sourceTree = "<group>";
		};
		F56B577329251C46005131EF /* Services */ = {
			isa = PBXGroup;
			children = (
				F56B577429251D51005131EF /* VerificationService.swift */,
				F51B5C6F292FADE900B51EC3 /* UserDefaultsService.swift */,
			);
			path = Services;
			sourceTree = "<group>";
		};
		F59B47E62924EF7300787FE8 = {
			isa = PBXGroup;
			children = (
				F59B47F12924EF7300787FE8 /* RegistrationsApp */,
				F59B47F02924EF7300787FE8 /* Products */,
			);
			sourceTree = "<group>";
		};
		F59B47F02924EF7300787FE8 /* Products */ = {
			isa = PBXGroup;
			children = (
				F59B47EF2924EF7300787FE8 /* RegistrationsApp.app */,
			);
			name = Products;
			sourceTree = "<group>";
		};
		F59B47F12924EF7300787FE8 /* RegistrationsApp */ = {
			isa = PBXGroup;
			children = (
				F59B48072924F10000787FE8 /* Models */,
				F59B48092924F13C00787FE8 /* Views */,
				F59B480A2924F15C00787FE8 /* Controllers */,
				F56B577329251C46005131EF /* Services */,
				F51B5C68292F6A4800B51EC3 /* Extension */,
				F59B47FB2924EF7400787FE8 /* Assets.xcassets */,
				F59B47FD2924EF7400787FE8 /* LaunchScreen.storyboard */,
				F59B48062924F09D00787FE8 /* AppDelegates */,
				F59B48002924EF7400787FE8 /* Info.plist */,
			);
			path = RegistrationsApp;
			sourceTree = "<group>";
		};
		F59B48062924F09D00787FE8 /* AppDelegates */ = {
			isa = PBXGroup;
			children = (
				F59B47F22924EF7300787FE8 /* AppDelegate.swift */,
				F59B47F42924EF7300787FE8 /* SceneDelegate.swift */,
			);
			path = AppDelegates;
			sourceTree = "<group>";
		};
		F59B48072924F10000787FE8 /* Models */ = {
			isa = PBXGroup;
			children = (
				F51B5C6B292F781800B51EC3 /* UserModel.swift */,
			);
			path = Models;
			sourceTree = "<group>";
		};
		F59B48092924F13C00787FE8 /* Views */ = {
			isa = PBXGroup;
			children = (
				F59B480B2924F1C100787FE8 /* SignInStoryboard.storyboard */,
				F59B480D2924F92E00787FE8 /* SignUpStoryboard.storyboard */,
				F59B47F82924EF7300787FE8 /* Main.storyboard */,
			);
			path = Views;
			sourceTree = "<group>";
		};
		F59B480A2924F15C00787FE8 /* Controllers */ = {
			isa = PBXGroup;
			children = (
				F56B576F29251246005131EF /* SignInViewController.swift */,
				F56B577129251264005131EF /* CreateAccountViewController.swift */,
				F5D39AC5292B6A88004508D2 /* SecretCodeViewController.swift */,
				F51B5C6D292FAB0600B51EC3 /* WelcomeViewController.swift */,
				F55DD5812930DBDE0072BC53 /* ProfileViewController.swift */,
			);
			path = Controllers;
			sourceTree = "<group>";
		};
/* End PBXGroup section */

/* Begin PBXNativeTarget section */
		F59B47EE2924EF7300787FE8 /* RegistrationsApp */ = {
			isa = PBXNativeTarget;
			buildConfigurationList = F59B48032924EF7400787FE8 /* Build configuration list for PBXNativeTarget "RegistrationsApp" */;
			buildPhases = (
				F59B47EB2924EF7300787FE8 /* Sources */,
				F59B47EC2924EF7300787FE8 /* Frameworks */,
				F59B47ED2924EF7300787FE8 /* Resources */,
			);
			buildRules = (
			);
			dependencies = (
			);
			name = RegistrationsApp;
			productName = RegistrationsApp;
			productReference = F59B47EF2924EF7300787FE8 /* RegistrationsApp.app */;
			productType = "com.apple.product-type.application";
		};
/* End PBXNativeTarget section */

/* Begin PBXProject section */
		F59B47E72924EF7300787FE8 /* Project object */ = {
			isa = PBXProject;
			attributes = {
				BuildIndependentTargetsInParallel = 1;
				LastSwiftUpdateCheck = 1340;
				LastUpgradeCheck = 1340;
				TargetAttributes = {
					F59B47EE2924EF7300787FE8 = {
						CreatedOnToolsVersion = 13.4.1;
					};
				};
			};
			buildConfigurationList = F59B47EA2924EF7300787FE8 /* Build configuration list for PBXProject "RegistrationsApp" */;
			compatibilityVersion = "Xcode 13.0";
			developmentRegion = en;
			hasScannedForEncodings = 0;
			knownRegions = (
				en,
				Base,
			);
			mainGroup = F59B47E62924EF7300787FE8;
			productRefGroup = F59B47F02924EF7300787FE8 /* Products */;
			projectDirPath = "";
			projectRoot = "";
			targets = (
				F59B47EE2924EF7300787FE8 /* RegistrationsApp */,
			);
		};
/* End PBXProject section */

/* Begin PBXResourcesBuildPhase section */
		F59B47ED2924EF7300787FE8 /* Resources */ = {
			isa = PBXResourcesBuildPhase;
			buildActionMask = 2147483647;
			files = (
				F59B480E2924F92E00787FE8 /* SignUpStoryboard.storyboard in Resources */,
				F59B47FF2924EF7400787FE8 /* LaunchScreen.storyboard in Resources */,
				F59B47FC2924EF7400787FE8 /* Assets.xcassets in Resources */,
				F59B47FA2924EF7300787FE8 /* Main.storyboard in Resources */,
				F59B480C2924F1C100787FE8 /* SignInStoryboard.storyboard in Resources */,
			);
			runOnlyForDeploymentPostprocessing = 0;
		};
/* End PBXResourcesBuildPhase section */

/* Begin PBXSourcesBuildPhase section */
		F59B47EB2924EF7300787FE8 /* Sources */ = {
			isa = PBXSourcesBuildPhase;
			buildActionMask = 2147483647;
			files = (
				F56B577229251264005131EF /* CreateAccountViewController.swift in Sources */,
				F56B577529251D51005131EF /* VerificationService.swift in Sources */,
				F51B5C6C292F781800B51EC3 /* UserModel.swift in Sources */,
				F59B47F32924EF7300787FE8 /* AppDelegate.swift in Sources */,
				F59B47F52924EF7300787FE8 /* SceneDelegate.swift in Sources */,
				F51B5C72292FAECD00B51EC3 /* UserDefaultsExt.swift in Sources */,
				F55DD5822930DBDE0072BC53 /* ProfileViewController.swift in Sources */,
				F56B577029251246005131EF /* SignInViewController.swift in Sources */,
				F51B5C6A292F6A8A00B51EC3 /* UIViewControllerExtension.swift in Sources */,
				F5D39AC6292B6A88004508D2 /* SecretCodeViewController.swift in Sources */,
				F51B5C70292FADE900B51EC3 /* UserDefaultsService.swift in Sources */,
				F51B5C6E292FAB0600B51EC3 /* WelcomeViewController.swift in Sources */,
			);
			runOnlyForDeploymentPostprocessing = 0;
		};
/* End PBXSourcesBuildPhase section */

/* Begin PBXVariantGroup section */
		F59B47F82924EF7300787FE8 /* Main.storyboard */ = {
			isa = PBXVariantGroup;
			children = (
				F59B47F92924EF7300787FE8 /* Base */,
			);
			name = Main.storyboard;
			sourceTree = "<group>";
		};
		F59B47FD2924EF7400787FE8 /* LaunchScreen.storyboard */ = {
			isa = PBXVariantGroup;
			children = (
				F59B47FE2924EF7400787FE8 /* Base */,
			);
			name = LaunchScreen.storyboard;
			sourceTree = "<group>";
		};
/* End PBXVariantGroup section */

/* Begin XCBuildConfiguration section */
		F59B48012924EF7400787FE8 /* Debug */ = {
			isa = XCBuildConfiguration;
			buildSettings = {
				ALWAYS_SEARCH_USER_PATHS = NO;
				CLANG_ANALYZER_NONNULL = YES;
				CLANG_ANALYZER_NUMBER_OBJECT_CONVERSION = YES_AGGRESSIVE;
				CLANG_CXX_LANGUAGE_STANDARD = "gnu++17";
				CLANG_ENABLE_MODULES = YES;
				CLANG_ENABLE_OBJC_ARC = YES;
				CLANG_ENABLE_OBJC_WEAK = YES;
				CLANG_WARN_BLOCK_CAPTURE_AUTORELEASING = YES;
				CLANG_WARN_BOOL_CONVERSION = YES;
				CLANG_WARN_COMMA = YES;
				CLANG_WARN_CONSTANT_CONVERSION = YES;
				CLANG_WARN_DEPRECATED_OBJC_IMPLEMENTATIONS = YES;
				CLANG_WARN_DIRECT_OBJC_ISA_USAGE = YES_ERROR;
				CLANG_WARN_DOCUMENTATION_COMMENTS = YES;
				CLANG_WARN_EMPTY_BODY = YES;
				CLANG_WARN_ENUM_CONVERSION = YES;
				CLANG_WARN_INFINITE_RECURSION = YES;
				CLANG_WARN_INT_CONVERSION = YES;
				CLANG_WARN_NON_LITERAL_NULL_CONVERSION = YES;
				CLANG_WARN_OBJC_IMPLICIT_RETAIN_SELF = YES;
				CLANG_WARN_OBJC_LITERAL_CONVERSION = YES;
				CLANG_WARN_OBJC_ROOT_CLASS = YES_ERROR;
				CLANG_WARN_QUOTED_INCLUDE_IN_FRAMEWORK_HEADER = YES;
				CLANG_WARN_RANGE_LOOP_ANALYSIS = YES;
				CLANG_WARN_STRICT_PROTOTYPES = YES;
				CLANG_WARN_SUSPICIOUS_MOVE = YES;
				CLANG_WARN_UNGUARDED_AVAILABILITY = YES_AGGRESSIVE;
				CLANG_WARN_UNREACHABLE_CODE = YES;
				CLANG_WARN__DUPLICATE_METHOD_MATCH = YES;
				COPY_PHASE_STRIP = NO;
				DEBUG_INFORMATION_FORMAT = dwarf;
				ENABLE_STRICT_OBJC_MSGSEND = YES;
				ENABLE_TESTABILITY = YES;
				GCC_C_LANGUAGE_STANDARD = gnu11;
				GCC_DYNAMIC_NO_PIC = NO;
				GCC_NO_COMMON_BLOCKS = YES;
				GCC_OPTIMIZATION_LEVEL = 0;
				GCC_PREPROCESSOR_DEFINITIONS = (
					"DEBUG=1",
					"$(inherited)",
				);
				GCC_WARN_64_TO_32_BIT_CONVERSION = YES;
				GCC_WARN_ABOUT_RETURN_TYPE = YES_ERROR;
				GCC_WARN_UNDECLARED_SELECTOR = YES;
				GCC_WARN_UNINITIALIZED_AUTOS = YES_AGGRESSIVE;
				GCC_WARN_UNUSED_FUNCTION = YES;
				GCC_WARN_UNUSED_VARIABLE = YES;
				IPHONEOS_DEPLOYMENT_TARGET = 15.5;
				MTL_ENABLE_DEBUG_INFO = INCLUDE_SOURCE;
				MTL_FAST_MATH = YES;
				ONLY_ACTIVE_ARCH = YES;
				SDKROOT = iphoneos;
				SWIFT_ACTIVE_COMPILATION_CONDITIONS = DEBUG;
				SWIFT_OPTIMIZATION_LEVEL = "-Onone";
			};
			name = Debug;
		};
		F59B48022924EF7400787FE8 /* Release */ = {
			isa = XCBuildConfiguration;
			buildSettings = {
				ALWAYS_SEARCH_USER_PATHS = NO;
				CLANG_ANALYZER_NONNULL = YES;
				CLANG_ANALYZER_NUMBER_OBJECT_CONVERSION = YES_AGGRESSIVE;
				CLANG_CXX_LANGUAGE_STANDARD = "gnu++17";
				CLANG_ENABLE_MODULES = YES;
				CLANG_ENABLE_OBJC_ARC = YES;
				CLANG_ENABLE_OBJC_WEAK = YES;
				CLANG_WARN_BLOCK_CAPTURE_AUTORELEASING = YES;
				CLANG_WARN_BOOL_CONVERSION = YES;
				CLANG_WARN_COMMA = YES;
				CLANG_WARN_CONSTANT_CONVERSION = YES;
				CLANG_WARN_DEPRECATED_OBJC_IMPLEMENTATIONS = YES;
				CLANG_WARN_DIRECT_OBJC_ISA_USAGE = YES_ERROR;
				CLANG_WARN_DOCUMENTATION_COMMENTS = YES;
				CLANG_WARN_EMPTY_BODY = YES;
				CLANG_WARN_ENUM_CONVERSION = YES;
				CLANG_WARN_INFINITE_RECURSION = YES;
				CLANG_WARN_INT_CONVERSION = YES;
				CLANG_WARN_NON_LITERAL_NULL_CONVERSION = YES;
				CLANG_WARN_OBJC_IMPLICIT_RETAIN_SELF = YES;
				CLANG_WARN_OBJC_LITERAL_CONVERSION = YES;
				CLANG_WARN_OBJC_ROOT_CLASS = YES_ERROR;
				CLANG_WARN_QUOTED_INCLUDE_IN_FRAMEWORK_HEADER = YES;
				CLANG_WARN_RANGE_LOOP_ANALYSIS = YES;
				CLANG_WARN_STRICT_PROTOTYPES = YES;
				CLANG_WARN_SUSPICIOUS_MOVE = YES;
				CLANG_WARN_UNGUARDED_AVAILABILITY = YES_AGGRESSIVE;
				CLANG_WARN_UNREACHABLE_CODE = YES;
				CLANG_WARN__DUPLICATE_METHOD_MATCH = YES;
				COPY_PHASE_STRIP = NO;
				DEBUG_INFORMATION_FORMAT = "dwarf-with-dsym";
				ENABLE_NS_ASSERTIONS = NO;
				ENABLE_STRICT_OBJC_MSGSEND = YES;
				GCC_C_LANGUAGE_STANDARD = gnu11;
				GCC_NO_COMMON_BLOCKS = YES;
				GCC_WARN_64_TO_32_BIT_CONVERSION = YES;
				GCC_WARN_ABOUT_RETURN_TYPE = YES_ERROR;
				GCC_WARN_UNDECLARED_SELECTOR = YES;
				GCC_WARN_UNINITIALIZED_AUTOS = YES_AGGRESSIVE;
				GCC_WARN_UNUSED_FUNCTION = YES;
				GCC_WARN_UNUSED_VARIABLE = YES;
				IPHONEOS_DEPLOYMENT_TARGET = 15.5;
				MTL_ENABLE_DEBUG_INFO = NO;
				MTL_FAST_MATH = YES;
				SDKROOT = iphoneos;
				SWIFT_COMPILATION_MODE = wholemodule;
				SWIFT_OPTIMIZATION_LEVEL = "-O";
				VALIDATE_PRODUCT = YES;
			};
			name = Release;
		};
		F59B48042924EF7400787FE8 /* Debug */ = {
			isa = XCBuildConfiguration;
			buildSettings = {
				ASSETCATALOG_COMPILER_APPICON_NAME = AppIcon;
				ASSETCATALOG_COMPILER_GLOBAL_ACCENT_COLOR_NAME = AccentColor;
				CODE_SIGN_STYLE = Automatic;
				CURRENT_PROJECT_VERSION = 1;
				DEVELOPMENT_TEAM = L8L67VZR25;
				GENERATE_INFOPLIST_FILE = YES;
				INFOPLIST_FILE = RegistrationsApp/Info.plist;
				INFOPLIST_KEY_UIApplicationSupportsIndirectInputEvents = YES;
				INFOPLIST_KEY_UILaunchStoryboardName = LaunchScreen;
				INFOPLIST_KEY_UIMainStoryboardFile = SignInStoryboard;
				INFOPLIST_KEY_UISupportedInterfaceOrientations_iPad = "UIInterfaceOrientationPortrait UIInterfaceOrientationPortraitUpsideDown UIInterfaceOrientationLandscapeLeft UIInterfaceOrientationLandscapeRight";
				INFOPLIST_KEY_UISupportedInterfaceOrientations_iPhone = "UIInterfaceOrientationPortrait UIInterfaceOrientationLandscapeLeft UIInterfaceOrientationLandscapeRight";
				LD_RUNPATH_SEARCH_PATHS = (
					"$(inherited)",
					"@executable_path/Frameworks",
				);
				MARKETING_VERSION = 1.0;
				PRODUCT_BUNDLE_IDENTIFIER = "com.sattdima34-gmail.RegistrationsApp";
				PRODUCT_NAME = "$(TARGET_NAME)";
				SWIFT_EMIT_LOC_STRINGS = YES;
				SWIFT_VERSION = 5.0;
				TARGETED_DEVICE_FAMILY = "1,2";
			};
			name = Debug;
		};
		F59B48052924EF7400787FE8 /* Release */ = {
			isa = XCBuildConfiguration;
			buildSettings = {
				ASSETCATALOG_COMPILER_APPICON_NAME = AppIcon;
				ASSETCATALOG_COMPILER_GLOBAL_ACCENT_COLOR_NAME = AccentColor;
				CODE_SIGN_STYLE = Automatic;
				CURRENT_PROJECT_VERSION = 1;
				DEVELOPMENT_TEAM = L8L67VZR25;
				GENERATE_INFOPLIST_FILE = YES;
				INFOPLIST_FILE = RegistrationsApp/Info.plist;
				INFOPLIST_KEY_UIApplicationSupportsIndirectInputEvents = YES;
				INFOPLIST_KEY_UILaunchStoryboardName = LaunchScreen;
				INFOPLIST_KEY_UIMainStoryboardFile = SignInStoryboard;
				INFOPLIST_KEY_UISupportedInterfaceOrientations_iPad = "UIInterfaceOrientationPortrait UIInterfaceOrientationPortraitUpsideDown UIInterfaceOrientationLandscapeLeft UIInterfaceOrientationLandscapeRight";
				INFOPLIST_KEY_UISupportedInterfaceOrientations_iPhone = "UIInterfaceOrientationPortrait UIInterfaceOrientationLandscapeLeft UIInterfaceOrientationLandscapeRight";
				LD_RUNPATH_SEARCH_PATHS = (
					"$(inherited)",
					"@executable_path/Frameworks",
				);
				MARKETING_VERSION = 1.0;
				PRODUCT_BUNDLE_IDENTIFIER = "com.sattdima34-gmail.RegistrationsApp";
				PRODUCT_NAME = "$(TARGET_NAME)";
				SWIFT_EMIT_LOC_STRINGS = YES;
				SWIFT_VERSION = 5.0;
				TARGETED_DEVICE_FAMILY = "1,2";
			};
			name = Release;
		};
/* End XCBuildConfiguration section */

/* Begin XCConfigurationList section */
		F59B47EA2924EF7300787FE8 /* Build configuration list for PBXProject "RegistrationsApp" */ = {
			isa = XCConfigurationList;
			buildConfigurations = (
				F59B48012924EF7400787FE8 /* Debug */,
				F59B48022924EF7400787FE8 /* Release */,
			);
			defaultConfigurationIsVisible = 0;
			defaultConfigurationName = Release;
		};
		F59B48032924EF7400787FE8 /* Build configuration list for PBXNativeTarget "RegistrationsApp" */ = {
			isa = XCConfigurationList;
			buildConfigurations = (
				F59B48042924EF7400787FE8 /* Debug */,
				F59B48052924EF7400787FE8 /* Release */,
			);
			defaultConfigurationIsVisible = 0;
			defaultConfigurationName = Release;
		};
/* End XCConfigurationList section */
	};
	rootObject = F59B47E72924EF7300787FE8 /* Project object */;
}
